
Microsoft Visual Studio Solution File, Format Version 12.00
# Visual Studio Version 17
VisualStudioVersion = 17.6.33829.357
MinimumVisualStudioVersion = 10.0.40219.1
Project("{FAE04EC0-301F-11D3-BF4B-00C04F79EFBC}") = "PersonalProject_C#_2023_11_8", "PersonalProject_C#_2023_11_8\PersonalProject_C#_2023_11_8.csproj", "{A78583EB-1B4D-4FF4-8C91-C013689053F6}"
EndProject
Global
	GlobalSection(SolutionConfigurationPlatforms) = preSolution
		Debug|Any CPU = Debug|Any CPU
		Release|Any CPU = Release|Any CPU
	EndGlobalSection
	GlobalSection(ProjectConfigurationPlatforms) = postSolution
		{A78583EB-1B4D-4FF4-8C91-C013689053F6}.Debug|Any CPU.ActiveCfg = Debug|Any CPU
		{A78583EB-1B4D-4FF4-8C91-C013689053F6}.Debug|Any CPU.Build.0 = Debug|Any CPU
		{A78583EB-1B4D-4FF4-8C91-C013689053F6}.Release|Any CPU.ActiveCfg = Release|Any CPU
		{A78583EB-1B4D-4FF4-8C91-C013689053F6}.Release|Any CPU.Build.0 = Release|Any CPU
	EndGlobalSection
	GlobalSection(SolutionProperties) = preSolution
		HideSolutionNode = FALSE
	EndGlobalSection
	GlobalSection(ExtensibilityGlobals) = postSolution
		SolutionGuid = {3FBAF5EB-1BB6-4AFE-9089-36DADB4DD417}
	EndGlobalSection
EndGlobal
